
Microsoft Visual Studio Solution File, Format Version 12.00
# Visual Studio Version 16
VisualStudioVersion = 16.0.31911.196
MinimumVisualStudioVersion = 10.0.40219.1
Project("{FAE04EC0-301F-11D3-BF4B-00C04F79EFBC}") = "Book_Store", "Book_Store\Book_Store.csproj", "{460CB049-4C5C-44D9-9638-047493B0FAFC}"
EndProject
Global
	GlobalSection(SolutionConfigurationPlatforms) = preSolution
		Debug|Any CPU = Debug|Any CPU
		Release|Any CPU = Release|Any CPU
	EndGlobalSection
	GlobalSection(ProjectConfigurationPlatforms) = postSolution
		{460CB049-4C5C-44D9-9638-047493B0FAFC}.Debug|Any CPU.ActiveCfg = Debug|Any CPU
		{460CB049-4C5C-44D9-9638-047493B0FAFC}.Debug|Any CPU.Build.0 = Debug|Any CPU
		{460CB049-4C5C-44D9-9638-047493B0FAFC}.Release|Any CPU.ActiveCfg = Release|Any CPU
		{460CB049-4C5C-44D9-9638-047493B0FAFC}.Release|Any CPU.Build.0 = Release|Any CPU
	EndGlobalSection
	GlobalSection(SolutionProperties) = preSolution
		HideSolutionNode = FALSE
	EndGlobalSection
	GlobalSection(ExtensibilityGlobals) = postSolution
		SolutionGuid = {11498568-152C-4DCB-A531-39A0BE306372}
	EndGlobalSection
EndGlobal
